{
  "name": "variety-shop-miniprogram",
  "version": "1.0.0",
  "lockfileVersion": 2,
  "requires": true,
  "packages": {
    "": {
      "name": "variety-shop-miniprogram",
      "version": "1.0.0",
      "dependencies": {
        "tdesign-miniprogram": "1.16.0"
      }
    },
    "node_modules/tdesign-miniprogram": {
      "version": "1.16.0",
      "resolved": "https://registry.npmjs.org/tdesign-miniprogram/-/tdesign-miniprogram-1.16.0.tgz",
      "integrity": "sha512-HbK0PWVqXoiynkXOGrda+B8ChPwCcx1IazExlBJzxDhNjkQ8qE4/v0k5wn07gLxW042mSsVdwoX/aUTB0yH4jw=="
    }
  },
  "dependencies": {
    "tdesign-miniprogram": {
      "version": "1.16.0",
      "resolved": "https://registry.npmjs.org/tdesign-miniprogram/-/tdesign-miniprogram-1.16.0.tgz",
      "integrity": "sha512-HbK0PWVqXoiynkXOGrda+B8ChPwCcx1IazExlBJzxDhNjkQ8qE4/v0k5wn07gLxW042mSsVdwoX/aUTB0yH4jw=="
    }
  }
}
